
Microsoft Visual Studio Solution File, Format Version 12.00
# Visual Studio Version 17
VisualStudioVersion = 17.9.34622.214
MinimumVisualStudioVersion = 10.0.40219.1
Project("{FAE04EC0-301F-11D3-BF4B-00C04F79EFBC}") = "Main", "Main.csproj", "{BFA0A04E-9B9F-43F6-8DF0-FE1BB20DDB2D}"
EndProject
Global
	GlobalSection(SolutionConfigurationPlatforms) = preSolution
		Debug|Any CPU = Debug|Any CPU
		Release|Any CPU = Release|Any CPU
	EndGlobalSection
	GlobalSection(ProjectConfigurationPlatforms) = postSolution
		{BFA0A04E-9B9F-43F6-8DF0-FE1BB20DDB2D}.Debug|Any CPU.ActiveCfg = Debug|Any CPU
		{BFA0A04E-9B9F-43F6-8DF0-FE1BB20DDB2D}.Debug|Any CPU.Build.0 = Debug|Any CPU
		{BFA0A04E-9B9F-43F6-8DF0-FE1BB20DDB2D}.Release|Any CPU.ActiveCfg = Release|Any CPU
		{BFA0A04E-9B9F-43F6-8DF0-FE1BB20DDB2D}.Release|Any CPU.Build.0 = Release|Any CPU
	EndGlobalSection
	GlobalSection(SolutionProperties) = preSolution
		HideSolutionNode = FALSE
	EndGlobalSection
	GlobalSection(ExtensibilityGlobals) = postSolution
		SolutionGuid = {DDDE5747-B406-413C-9744-37CB1CF6AD3E}
	EndGlobalSection
EndGlobal
